
Microsoft Visual Studio Solution File, Format Version 12.00
# Visual Studio Version 17
VisualStudioVersion = 17.0.32112.339
MinimumVisualStudioVersion = 10.0.40219.1
Project("{FAE04EC0-301F-11D3-BF4B-00C04F79EFBC}") = "Test_CSharp", "Test_CSharp\Test_CSharp.csproj", "{E20E235D-E517-4D35-8F58-5477D6E50E64}"
EndProject
Global
	GlobalSection(SolutionConfigurationPlatforms) = preSolution
		Debug|Any CPU = Debug|Any CPU
		Release|Any CPU = Release|Any CPU
	EndGlobalSection
	GlobalSection(ProjectConfigurationPlatforms) = postSolution
		{E20E235D-E517-4D35-8F58-5477D6E50E64}.Debug|Any CPU.ActiveCfg = Debug|Any CPU
		{E20E235D-E517-4D35-8F58-5477D6E50E64}.Debug|Any CPU.Build.0 = Debug|Any CPU
		{E20E235D-E517-4D35-8F58-5477D6E50E64}.Release|Any CPU.ActiveCfg = Release|Any CPU
		{E20E235D-E517-4D35-8F58-5477D6E50E64}.Release|Any CPU.Build.0 = Release|Any CPU
	EndGlobalSection
	GlobalSection(SolutionProperties) = preSolution
		HideSolutionNode = FALSE
	EndGlobalSection
	GlobalSection(ExtensibilityGlobals) = postSolution
		SolutionGuid = {807E6376-1523-487D-9174-6AB713380F3C}
	EndGlobalSection
EndGlobal
